
Microsoft Visual Studio Solution File, Format Version 12.00
# Visual Studio Version 17
VisualStudioVersion = 17.9.34607.119
MinimumVisualStudioVersion = 10.0.40219.1
Project("{FAE04EC0-301F-11D3-BF4B-00C04F79EFBC}") = "WebApp_School_Api_CRUD", "WebApp_School_Api_CRUD\WebApp_School_Api_CRUD.csproj", "{92EFE992-8322-40DA-8F3D-994F73B88901}"
EndProject
Global
	GlobalSection(SolutionConfigurationPlatforms) = preSolution
		Debug|Any CPU = Debug|Any CPU
		Release|Any CPU = Release|Any CPU
	EndGlobalSection
	GlobalSection(ProjectConfigurationPlatforms) = postSolution
		{92EFE992-8322-40DA-8F3D-994F73B88901}.Debug|Any CPU.ActiveCfg = Debug|Any CPU
		{92EFE992-8322-40DA-8F3D-994F73B88901}.Debug|Any CPU.Build.0 = Debug|Any CPU
		{92EFE992-8322-40DA-8F3D-994F73B88901}.Release|Any CPU.ActiveCfg = Release|Any CPU
		{92EFE992-8322-40DA-8F3D-994F73B88901}.Release|Any CPU.Build.0 = Release|Any CPU
	EndGlobalSection
	GlobalSection(SolutionProperties) = preSolution
		HideSolutionNode = FALSE
	EndGlobalSection
	GlobalSection(ExtensibilityGlobals) = postSolution
		SolutionGuid = {C9D303B0-146A-49CE-ACE4-9AC7E955BC30}
	EndGlobalSection
EndGlobal
